
Microsoft Visual Studio Solution File, Format Version 12.00
# Visual Studio 15
VisualStudioVersion = 15.0.27004.2005
MinimumVisualStudioVersion = 10.0.40219.1
Project("{FAE04EC0-301F-11D3-BF4B-00C04F79EFBC}") = "Telescope", "Telescope\Telescope.csproj", "{DA6AFC3C-ACF6-44E2-B1B8-74DB9713DFC5}"
EndProject
Global
	GlobalSection(SolutionConfigurationPlatforms) = preSolution
		Debug|Any CPU = Debug|Any CPU
		Release|Any CPU = Release|Any CPU
	EndGlobalSection
	GlobalSection(ProjectConfigurationPlatforms) = postSolution
		{DA6AFC3C-ACF6-44E2-B1B8-74DB9713DFC5}.Debug|Any CPU.ActiveCfg = Debug|Any CPU
		{DA6AFC3C-ACF6-44E2-B1B8-74DB9713DFC5}.Debug|Any CPU.Build.0 = Debug|Any CPU
		{DA6AFC3C-ACF6-44E2-B1B8-74DB9713DFC5}.Release|Any CPU.ActiveCfg = Release|Any CPU
		{DA6AFC3C-ACF6-44E2-B1B8-74DB9713DFC5}.Release|Any CPU.Build.0 = Release|Any CPU
	EndGlobalSection
	GlobalSection(SolutionProperties) = preSolution
		HideSolutionNode = FALSE
	EndGlobalSection
	GlobalSection(ExtensibilityGlobals) = postSolution
		SolutionGuid = {F3994987-174D-4D13-B12E-A74B447FDE1B}
	EndGlobalSection
EndGlobal
